[[package]]
name = "pytz"
version = "2022.1"
description = "World timezone definitions, modern and historical"
category = "main"
optional = false
python-versions = "*"

[metadata]
lock-version = "1.1"
python-versions = ">=3.8.0,<3.9"
content-hash = "e84f2127fe185a5de7fe4ff96abb2bb87e16b8fac8bac18eb8e06dbec1a9402a"

[metadata.files]
pytz = []
